
Microsoft Visual Studio Solution File, Format Version 12.00
# Visual Studio Version 17
VisualStudioVersion = 17.1.32421.90
MinimumVisualStudioVersion = 10.0.40219.1
Project("{9A19103F-16F7-4668-BE54-9A1E7A4F7556}") = "Velosaurus.Api", "src\Velosaurus.Api\Velosaurus.Api.csproj", "{434465A0-27E4-48F7-95FF-7D7A76F6F4B5}"
EndProject
Project("{2150E333-8FDC-42A3-9474-1A3956D46DE8}") = "Solution Items", "Solution Items", "{410E43E6-C152-4671-BB6E-41521E7DC8B5}"
	ProjectSection(SolutionItems) = preProject
		.editorconfig = .editorconfig
		.github\workflows\main_velosaurus-api.yml = .github\workflows\main_velosaurus-api.yml
		README.md = README.md
		velosaurus_architecture.jpg = velosaurus_architecture.jpg
	EndProjectSection
EndProject
Project("{FAE04EC0-301F-11D3-BF4B-00C04F79EFBC}") = "Velosaurus.DatabaseManager", "src\Velosaurus.DatabaseManager\Velosaurus.DatabaseManager.csproj", "{79B135A9-E02C-4B3D-86BA-F21C1590F427}"
EndProject
Global
	GlobalSection(SolutionConfigurationPlatforms) = preSolution
		Debug|Any CPU = Debug|Any CPU
		Release|Any CPU = Release|Any CPU
	EndGlobalSection
	GlobalSection(ProjectConfigurationPlatforms) = postSolution
		{434465A0-27E4-48F7-95FF-7D7A76F6F4B5}.Debug|Any CPU.ActiveCfg = Debug|Any CPU
		{434465A0-27E4-48F7-95FF-7D7A76F6F4B5}.Debug|Any CPU.Build.0 = Debug|Any CPU
		{434465A0-27E4-48F7-95FF-7D7A76F6F4B5}.Release|Any CPU.ActiveCfg = Release|Any CPU
		{434465A0-27E4-48F7-95FF-7D7A76F6F4B5}.Release|Any CPU.Build.0 = Release|Any CPU
		{79B135A9-E02C-4B3D-86BA-F21C1590F427}.Debug|Any CPU.ActiveCfg = Debug|Any CPU
		{79B135A9-E02C-4B3D-86BA-F21C1590F427}.Debug|Any CPU.Build.0 = Debug|Any CPU
		{79B135A9-E02C-4B3D-86BA-F21C1590F427}.Release|Any CPU.ActiveCfg = Release|Any CPU
		{79B135A9-E02C-4B3D-86BA-F21C1590F427}.Release|Any CPU.Build.0 = Release|Any CPU
	EndGlobalSection
	GlobalSection(SolutionProperties) = preSolution
		HideSolutionNode = FALSE
	EndGlobalSection
	GlobalSection(ExtensibilityGlobals) = postSolution
		SolutionGuid = {AA5C0325-5C55-4F99-8D50-BFC0C5ADCEFA}
	EndGlobalSection
EndGlobal
